
Microsoft Visual Studio Solution File, Format Version 12.00
# Visual Studio Version 16
VisualStudioVersion = 16.0.29215.179
MinimumVisualStudioVersion = 10.0.40219.1
Project("{FAE04EC0-301F-11D3-BF4B-00C04F79EFBC}") = "PrintingV2", "PrintingV2.csproj", "{F6C2D2D4-7CDB-40F0-BC3F-EDE58F56893B}"
EndProject
Project("{2150E333-8FDC-42A3-9474-1A3956D46DE8}") = "Models", "Models", "{25A9533D-1EB9-4688-9F25-33716524CCAF}"
EndProject
Global
	GlobalSection(SolutionConfigurationPlatforms) = preSolution
		Debug|Any CPU = Debug|Any CPU
		Release|Any CPU = Release|Any CPU
	EndGlobalSection
	GlobalSection(ProjectConfigurationPlatforms) = postSolution
		{F6C2D2D4-7CDB-40F0-BC3F-EDE58F56893B}.Debug|Any CPU.ActiveCfg = Debug|Any CPU
		{F6C2D2D4-7CDB-40F0-BC3F-EDE58F56893B}.Debug|Any CPU.Build.0 = Debug|Any CPU
		{F6C2D2D4-7CDB-40F0-BC3F-EDE58F56893B}.Release|Any CPU.ActiveCfg = Release|Any CPU
		{F6C2D2D4-7CDB-40F0-BC3F-EDE58F56893B}.Release|Any CPU.Build.0 = Release|Any CPU
	EndGlobalSection
	GlobalSection(SolutionProperties) = preSolution
		HideSolutionNode = FALSE
	EndGlobalSection
	GlobalSection(ExtensibilityGlobals) = postSolution
		SolutionGuid = {F3C320B7-0C20-4498-A429-59EC94DDE606}
	EndGlobalSection
EndGlobal
